
Microsoft Visual Studio Solution File, Format Version 12.00
# Visual Studio Version 17
VisualStudioVersion = 17.2.32526.322
MinimumVisualStudioVersion = 10.0.40219.1
Project("{8BC9CEB8-8B4A-11D0-8D11-00A0C91BC942}") = "ConsoleApplication2", "ConsoleApplication2\ConsoleApplication2.vcxproj", "{36B8A150-41F2-4A38-87FC-6BE16DC51108}"
EndProject
Global
	GlobalSection(SolutionConfigurationPlatforms) = preSolution
		Debug|x64 = Debug|x64
		Debug|x86 = Debug|x86
		Release|x64 = Release|x64
		Release|x86 = Release|x86
	EndGlobalSection
	GlobalSection(ProjectConfigurationPlatforms) = postSolution
		{36B8A150-41F2-4A38-87FC-6BE16DC51108}.Debug|x64.ActiveCfg = Debug|x64
		{36B8A150-41F2-4A38-87FC-6BE16DC51108}.Debug|x64.Build.0 = Debug|x64
		{36B8A150-41F2-4A38-87FC-6BE16DC51108}.Debug|x86.ActiveCfg = Debug|Win32
		{36B8A150-41F2-4A38-87FC-6BE16DC51108}.Debug|x86.Build.0 = Debug|Win32
		{36B8A150-41F2-4A38-87FC-6BE16DC51108}.Release|x64.ActiveCfg = Release|x64
		{36B8A150-41F2-4A38-87FC-6BE16DC51108}.Release|x64.Build.0 = Release|x64
		{36B8A150-41F2-4A38-87FC-6BE16DC51108}.Release|x86.ActiveCfg = Release|Win32
		{36B8A150-41F2-4A38-87FC-6BE16DC51108}.Release|x86.Build.0 = Release|Win32
	EndGlobalSection
	GlobalSection(SolutionProperties) = preSolution
		HideSolutionNode = FALSE
	EndGlobalSection
	GlobalSection(ExtensibilityGlobals) = postSolution
		SolutionGuid = {6C5D1D6D-3389-4E93-BA3B-8BDAB7D868C6}
	EndGlobalSection
EndGlobal
